// !$*UTF8*$!
{
	archiveVersion = 1;
	classes = {
	};
	objectVersion = 48;
	objects = {

/* Begin PBXBuildFile section */
		85D09AE2200C634F00DC6296 /* AppDelegate.swift in Sources */ = {isa = PBXBuildFile; fileRef = 85D09AE1200C634F00DC6296 /* AppDelegate.swift */; };
		85D09AE7200C634F00DC6296 /* Main.storyboard in Resources */ = {isa = PBXBuildFile; fileRef = 85D09AE5200C634F00DC6296 /* Main.storyboard */; };
		85D09AE9200C635000DC6296 /* Assets.xcassets in Resources */ = {isa = PBXBuildFile; fileRef = 85D09AE8200C635000DC6296 /* Assets.xcassets */; };
		85D09AEC200C635000DC6296 /* LaunchScreen.storyboard in Resources */ = {isa = PBXBuildFile; fileRef = 85D09AEA200C635000DC6296 /* LaunchScreen.storyboard */; };
/* End PBXBuildFile section */

/* Begin PBXFileReference section */
		85D09ADE200C634F00DC6296 /* douyu.app */ = {isa = PBXFileReference; explicitFileType = wrapper.application; includeInIndex = 0; path = douyu.app; sourceTree = BUILT_PRODUCTS_DIR; };
		85D09AE1200C634F00DC6296 /* AppDelegate.swift */ = {isa = PBXFileReference; lastKnownFileType = sourcecode.swift; path = AppDelegate.swift; sourceTree = "<group>"; };
		85D09AE6200C634F00DC6296 /* Base */ = {isa = PBXFileReference; lastKnownFileType = file.storyboard; name = Base; path = Base.lproj/Main.storyboard; sourceTree = "<group>"; };
		85D09AE8200C635000DC6296 /* Assets.xcassets */ = {isa = PBXFileReference; lastKnownFileType = folder.assetcatalog; path = Assets.xcassets; sourceTree = "<group>"; };
		85D09AEB200C635000DC6296 /* Base */ = {isa = PBXFileReference; lastKnownFileType = file.storyboard; name = Base; path = Base.lproj/LaunchScreen.storyboard; sourceTree = "<group>"; };
		85D09AED200C635000DC6296 /* Info.plist */ = {isa = PBXFileReference; lastKnownFileType = text.plist.xml; path = Info.plist; sourceTree = "<group>"; };
/* End PBXFileReference section */

/* Begin PBXFrameworksBuildPhase section */
		85D09ADB200C634F00DC6296 /* Frameworks */ = {
			isa = PBXFrameworksBuildPhase;
			buildActionMask = 2147483647;
			files = (
			);
			runOnlyForDeploymentPostprocessing = 0;
		};
/* End PBXFrameworksBuildPhase section */

/* Begin PBXGroup section */
		856F56D8200F6782005A7575 /* classes */ = {
			isa = PBXGroup;
			children = (
				856F56DA200F6782005A7575 /* tools */,
				856F56D9200F6782005A7575 /* home */,
				856F56DB200F6782005A7575 /* follow */,
				856F56DC200F6782005A7575 /* profile */,
				856F56DD200F6782005A7575 /* live */,
				856F56DE200F6782005A7575 /* main */,
			);
			path = classes;
			sourceTree = "<group>";
		};
		856F56D9200F6782005A7575 /* home */ = {
			isa = PBXGroup;
			children = (
			);
			path = home;
			sourceTree = "<group>";
		};
		856F56DA200F6782005A7575 /* tools */ = {
			isa = PBXGroup;
			children = (
			);
			path = tools;
			sourceTree = "<group>";
		};
		856F56DB200F6782005A7575 /* follow */ = {
			isa = PBXGroup;
			children = (
			);
			path = follow;
			sourceTree = "<group>";
		};
		856F56DC200F6782005A7575 /* profile */ = {
			isa = PBXGroup;
			children = (
			);
			path = profile;
			sourceTree = "<group>";
		};
		856F56DD200F6782005A7575 /* live */ = {
			isa = PBXGroup;
			children = (
			);
			path = live;
			sourceTree = "<group>";
		};
		856F56DE200F6782005A7575 /* main */ = {
			isa = PBXGroup;
			children = (
			);
			path = main;
			sourceTree = "<group>";
		};
		85D09AD5200C634F00DC6296 = {
			isa = PBXGroup;
			children = (
				85D09AE0200C634F00DC6296 /* douyu */,
				85D09ADF200C634F00DC6296 /* Products */,
			);
			sourceTree = "<group>";
		};
		85D09ADF200C634F00DC6296 /* Products */ = {
			isa = PBXGroup;
			children = (
				85D09ADE200C634F00DC6296 /* douyu.app */,
			);
			name = Products;
			sourceTree = "<group>";
		};
		85D09AE0200C634F00DC6296 /* douyu */ = {
			isa = PBXGroup;
			children = (
				85D09AE1200C634F00DC6296 /* AppDelegate.swift */,
				856F56D8200F6782005A7575 /* classes */,
				85D09AE5200C634F00DC6296 /* Main.storyboard */,
				85D09AE8200C635000DC6296 /* Assets.xcassets */,
				85D09AEA200C635000DC6296 /* LaunchScreen.storyboard */,
				85D09AED200C635000DC6296 /* Info.plist */,
			);
			path = douyu;
			sourceTree = "<group>";
		};
/* End PBXGroup section */

/* Begin PBXNativeTarget section */
		85D09ADD200C634F00DC6296 /* douyu */ = {
			isa = PBXNativeTarget;
			buildConfigurationList = 85D09AF0200C635000DC6296 /* Build configuration list for PBXNativeTarget "douyu" */;
			buildPhases = (
				85D09ADA200C634F00DC6296 /* Sources */,
				85D09ADB200C634F00DC6296 /* Frameworks */,
				85D09ADC200C634F00DC6296 /* Resources */,
			);
			buildRules = (
			);
			dependencies = (
			);
			name = douyu;
			productName = douyu;
			productReference = 85D09ADE200C634F00DC6296 /* douyu.app */;
			productType = "com.apple.product-type.application";
		};
/* End PBXNativeTarget section */

/* Begin PBXProject section */
		85D09AD6200C634F00DC6296 /* Project object */ = {
			isa = PBXProject;
			attributes = {
				LastSwiftUpdateCheck = 0900;
				LastUpgradeCheck = 0900;
				ORGANIZATIONNAME = Jidf;
				TargetAttributes = {
					85D09ADD200C634F00DC6296 = {
						CreatedOnToolsVersion = 9.0;
						ProvisioningStyle = Manual;
					};
				};
			};
			buildConfigurationList = 85D09AD9200C634F00DC6296 /* Build configuration list for PBXProject "douyu" */;
			compatibilityVersion = "Xcode 8.0";
			developmentRegion = en;
			hasScannedForEncodings = 0;
			knownRegions = (
				en,
				Base,
			);
			mainGroup = 85D09AD5200C634F00DC6296;
			productRefGroup = 85D09ADF200C634F00DC6296 /* Products */;
			projectDirPath = "";
			projectRoot = "";
			targets = (
				85D09ADD200C634F00DC6296 /* douyu */,
			);
		};
/* End PBXProject section */

/* Begin PBXResourcesBuildPhase section */
		85D09ADC200C634F00DC6296 /* Resources */ = {
			isa = PBXResourcesBuildPhase;
			buildActionMask = 2147483647;
			files = (
				85D09AEC200C635000DC6296 /* LaunchScreen.storyboard in Resources */,
				85D09AE9200C635000DC6296 /* Assets.xcassets in Resources */,
				85D09AE7200C634F00DC6296 /* Main.storyboard in Resources */,
			);
			runOnlyForDeploymentPostprocessing = 0;
		};
/* End PBXResourcesBuildPhase section */

/* Begin PBXSourcesBuildPhase section */
		85D09ADA200C634F00DC6296 /* Sources */ = {
			isa = PBXSourcesBuildPhase;
			buildActionMask = 2147483647;
			files = (
				85D09AE2200C634F00DC6296 /* AppDelegate.swift in Sources */,
			);
			runOnlyForDeploymentPostprocessing = 0;
		};
/* End PBXSourcesBuildPhase section */

/* Begin PBXVariantGroup section */
		85D09AE5200C634F00DC6296 /* Main.storyboard */ = {
			isa = PBXVariantGroup;
			children = (
				85D09AE6200C634F00DC6296 /* Base */,
			);
			name = Main.storyboard;
			sourceTree = "<group>";
		};
		85D09AEA200C635000DC6296 /* LaunchScreen.storyboard */ = {
			isa = PBXVariantGroup;
			children = (
				85D09AEB200C635000DC6296 /* Base */,
			);
			name = LaunchScreen.storyboard;
			sourceTree = "<group>";
		};
/* End PBXVariantGroup section */

/* Begin XCBuildConfiguration section */
		85D09AEE200C635000DC6296 /* Debug */ = {
			isa = XCBuildConfiguration;
			buildSettings = {
				ALWAYS_SEARCH_USER_PATHS = NO;
				CLANG_ANALYZER_NONNULL = YES;
				CLANG_ANALYZER_NUMBER_OBJECT_CONVERSION = YES_AGGRESSIVE;
				CLANG_CXX_LANGUAGE_STANDARD = "gnu++14";
				CLANG_CXX_LIBRARY = "libc++";
				CLANG_ENABLE_MODULES = YES;
				CLANG_ENABLE_OBJC_ARC = YES;
				CLANG_WARN_BLOCK_CAPTURE_AUTORELEASING = YES;
				CLANG_WARN_BOOL_CONVERSION = YES;
				CLANG_WARN_COMMA = YES;
				CLANG_WARN_CONSTANT_CONVERSION = YES;
				CLANG_WARN_DIRECT_OBJC_ISA_USAGE = YES_ERROR;
				CLANG_WARN_DOCUMENTATION_COMMENTS = YES;
				CLANG_WARN_EMPTY_BODY = YES;
				CLANG_WARN_ENUM_CONVERSION = YES;
				CLANG_WARN_INFINITE_RECURSION = YES;
				CLANG_WARN_INT_CONVERSION = YES;
				CLANG_WARN_NON_LITERAL_NULL_CONVERSION = YES;
				CLANG_WARN_OBJC_LITERAL_CONVERSION = YES;
				CLANG_WARN_OBJC_ROOT_CLASS = YES_ERROR;
				CLANG_WARN_RANGE_LOOP_ANALYSIS = YES;
				CLANG_WARN_STRICT_PROTOTYPES = YES;
				CLANG_WARN_SUSPICIOUS_MOVE = YES;
				CLANG_WARN_UNGUARDED_AVAILABILITY = YES_AGGRESSIVE;
				CLANG_WARN_UNREACHABLE_CODE = YES;
				CLANG_WARN__DUPLICATE_METHOD_MATCH = YES;
				CODE_SIGN_IDENTITY = "iPhone Developer";
				COPY_PHASE_STRIP = NO;
				DEBUG_INFORMATION_FORMAT = dwarf;
				ENABLE_STRICT_OBJC_MSGSEND = YES;
				ENABLE_TESTABILITY = YES;
				GCC_C_LANGUAGE_STANDARD = gnu11;
				GCC_DYNAMIC_NO_PIC = NO;
				GCC_NO_COMMON_BLOCKS = YES;
				GCC_OPTIMIZATION_LEVEL = 0;
				GCC_PREPROCESSOR_DEFINITIONS = (
					"DEBUG=1",
					"$(inherited)",
				);
				GCC_WARN_64_TO_32_BIT_CONVERSION = YES;
				GCC_WARN_ABOUT_RETURN_TYPE = YES_ERROR;
				GCC_WARN_UNDECLARED_SELECTOR = YES;
				GCC_WARN_UNINITIALIZED_AUTOS = YES_AGGRESSIVE;
				GCC_WARN_UNUSED_FUNCTION = YES;
				GCC_WARN_UNUSED_VARIABLE = YES;
				IPHONEOS_DEPLOYMENT_TARGET = 11.0;
				MTL_ENABLE_DEBUG_INFO = YES;
				ONLY_ACTIVE_ARCH = YES;
				SDKROOT = iphoneos;
				SWIFT_ACTIVE_COMPILATION_CONDITIONS = DEBUG;
				SWIFT_OPTIMIZATION_LEVEL = "-Onone";
			};
			name = Debug;
		};
		85D09AEF200C635000DC6296 /* Release */ = {
			isa = XCBuildConfiguration;
			buildSettings = {
				ALWAYS_SEARCH_USER_PATHS = NO;
				CLANG_ANALYZER_NONNULL = YES;
				CLANG_ANALYZER_NUMBER_OBJECT_CONVERSION = YES_AGGRESSIVE;
				CLANG_CXX_LANGUAGE_STANDARD = "gnu++14";
				CLANG_CXX_LIBRARY = "libc++";
				CLANG_ENABLE_MODULES = YES;
				CLANG_ENABLE_OBJC_ARC = YES;
				CLANG_WARN_BLOCK_CAPTURE_AUTORELEASING = YES;
				CLANG_WARN_BOOL_CONVERSION = YES;
				CLANG_WARN_COMMA = YES;
				CLANG_WARN_CONSTANT_CONVERSION = YES;
				CLANG_WARN_DIRECT_OBJC_ISA_USAGE = YES_ERROR;
				CLANG_WARN_DOCUMENTATION_COMMENTS = YES;
				CLANG_WARN_EMPTY_BODY = YES;
				CLANG_WARN_ENUM_CONVERSION = YES;
				CLANG_WARN_INFINITE_RECURSION = YES;
				CLANG_WARN_INT_CONVERSION = YES;
				CLANG_WARN_NON_LITERAL_NULL_CONVERSION = YES;
				CLANG_WARN_OBJC_LITERAL_CONVERSION = YES;
				CLANG_WARN_OBJC_ROOT_CLASS = YES_ERROR;
				CLANG_WARN_RANGE_LOOP_ANALYSIS = YES;
				CLANG_WARN_STRICT_PROTOTYPES = YES;
				CLANG_WARN_SUSPICIOUS_MOVE = YES;
				CLANG_WARN_UNGUARDED_AVAILABILITY = YES_AGGRESSIVE;
				CLANG_WARN_UNREACHABLE_CODE = YES;
				CLANG_WARN__DUPLICATE_METHOD_MATCH = YES;
				CODE_SIGN_IDENTITY = "iPhone Developer";
				COPY_PHASE_STRIP = NO;
				DEBUG_INFORMATION_FORMAT = "dwarf-with-dsym";
				ENABLE_NS_ASSERTIONS = NO;
				ENABLE_STRICT_OBJC_MSGSEND = YES;
				GCC_C_LANGUAGE_STANDARD = gnu11;
				GCC_NO_COMMON_BLOCKS = YES;
				GCC_WARN_64_TO_32_BIT_CONVERSION = YES;
				GCC_WARN_ABOUT_RETURN_TYPE = YES_ERROR;
				GCC_WARN_UNDECLARED_SELECTOR = YES;
				GCC_WARN_UNINITIALIZED_AUTOS = YES_AGGRESSIVE;
				GCC_WARN_UNUSED_FUNCTION = YES;
				GCC_WARN_UNUSED_VARIABLE = YES;
				IPHONEOS_DEPLOYMENT_TARGET = 11.0;
				MTL_ENABLE_DEBUG_INFO = NO;
				SDKROOT = iphoneos;
				SWIFT_OPTIMIZATION_LEVEL = "-Owholemodule";
				VALIDATE_PRODUCT = YES;
			};
			name = Release;
		};
		85D09AF1200C635000DC6296 /* Debug */ = {
			isa = XCBuildConfiguration;
			buildSettings = {
				ASSETCATALOG_COMPILER_APPICON_NAME = AppIcon;
				ASSETCATALOG_COMPILER_LAUNCHIMAGE_NAME = LaunchImage;
				CODE_SIGN_STYLE = Manual;
				DEVELOPMENT_TEAM = 6T9Z7UUR63;
				INFOPLIST_FILE = douyu/Info.plist;
				LD_RUNPATH_SEARCH_PATHS = "$(inherited) @executable_path/Frameworks";
				PRODUCT_BUNDLE_IDENTIFIER = com.520it.douyu;
				PRODUCT_NAME = "$(TARGET_NAME)";
				PROVISIONING_PROFILE = "381c0d57-194a-4ef1-8311-1a6dd8c7e39a";
				PROVISIONING_PROFILE_SPECIFIER = "dev-wild";
				SWIFT_VERSION = 4.0;
				TARGETED_DEVICE_FAMILY = 1;
			};
			name = Debug;
		};
		85D09AF2200C635000DC6296 /* Release */ = {
			isa = XCBuildConfiguration;
			buildSettings = {
				ASSETCATALOG_COMPILER_APPICON_NAME = AppIcon;
				ASSETCATALOG_COMPILER_LAUNCHIMAGE_NAME = LaunchImage;
				CODE_SIGN_STYLE = Manual;
				DEVELOPMENT_TEAM = "";
				INFOPLIST_FILE = douyu/Info.plist;
				LD_RUNPATH_SEARCH_PATHS = "$(inherited) @executable_path/Frameworks";
				PRODUCT_BUNDLE_IDENTIFIER = com.520it.douyu;
				PRODUCT_NAME = "$(TARGET_NAME)";
				PROVISIONING_PROFILE_SPECIFIER = "";
				SWIFT_VERSION = 4.0;
				TARGETED_DEVICE_FAMILY = 1;
			};
			name = Release;
		};
/* End XCBuildConfiguration section */

/* Begin XCConfigurationList section */
		85D09AD9200C634F00DC6296 /* Build configuration list for PBXProject "douyu" */ = {
			isa = XCConfigurationList;
			buildConfigurations = (
				85D09AEE200C635000DC6296 /* Debug */,
				85D09AEF200C635000DC6296 /* Release */,
			);
			defaultConfigurationIsVisible = 0;
			defaultConfigurationName = Release;
		};
		85D09AF0200C635000DC6296 /* Build configuration list for PBXNativeTarget "douyu" */ = {
			isa = XCConfigurationList;
			buildConfigurations = (
				85D09AF1200C635000DC6296 /* Debug */,
				85D09AF2200C635000DC6296 /* Release */,
			);
			defaultConfigurationIsVisible = 0;
			defaultConfigurationName = Release;
		};
/* End XCConfigurationList section */
	};
	rootObject = 85D09AD6200C634F00DC6296 /* Project object */;
}
